# This file is automatically @generated by Poetry 2.4.3 and should not be changed by hand.

[[package]]
name = "argon2-cffi"
version = "23.1.0"
description = "Argon2 for Python"
optional = false
python-versions = ">=3.7"
groups = ["main"]
files = [
    {file = "argon2_cffi-23.1.0-py3-none-any.whl", hash = "sha256:c670642b78ba29641818ab2e68bd4e6a78ba53b7eff7b4c3815ae16abf91c7ea"},
    {file = "argon2_cffi-23.1.0.tar.gz", hash = "sha256:879c3e79a2729ce768ebb7d36d4609e3a78a4ca2ec3a9f12286ca057e3d0db08"},
]

[package.dependencies]
argon2-cffi-bindings = "*"

[package.extras]
dev = ["argon2-cffi[tests,typing]", "tox (>4)"]
docs = ["furo", "myst-parser", "sphinx", "sphinx-copybutton", "sphinx-notfound-page"]
tests = ["hypothesis", "pytest"]
typing = ["mypy"]

[[package]]
name = "argon2-cffi-bindings"
version = "21.2.0"
description = "Low-level CFFI bindings for Argon2"
optional = false
python-versions = ">=3.6"
groups = ["main"]
files = [
    {file = "argon2-cffi-bindings-21.2.0.tar.gz", hash = "sha256:bb89ceffa6c791807d1305ceb77dbfacc5aa499891d2c55661c6459651fc39e3"},
    {file = "argon2_cffi_bindings-21.2.0-cp36-abi3-macosx_10_9_x86_64.whl", hash = "sha256:ccb949252cb2ab3a08c02024acb77cfb179492d5701c7cbdbfd776124d4d2367"},
    {file = "argon2_cffi_bindings-21.2.0-cp36-abi3-manylinux_2_17_aarch64.manylinux2014_aarch64.whl", hash = "sha256:9524464572e12979364b7d600abf96181d3541da11e23ddf565a32e70bd4dc0d"},
    {file = "argon2_cffi_bindings-21.2.0-cp36-abi3-manylinux_2_17_x86_64.manylinux2014_x86_64.whl", hash = "sha256:b746dba803a79238e925d9046a63aa26bf86ab2a2fe74ce6b009a1c3f5c8f2ae"},
    {file = "argon2_cffi_bindings-21.2.0-cp36-abi3-manylinux_2_5_i686.manylinux1_i686.manylinux_2_17_i686.manylinux2014_i686.whl", hash = "sha256:58ed19212051f49a523abb1dbe954337dc82d947fb6e5a0da60f7c8471a8476c"},
    {file = "argon2_cffi_bindings-21.2.0-cp36-abi3-musllinux_1_1_aarch64.whl", hash = "sha256:bd46088725ef7f58b5a1ef7ca06647ebaf0eb4baff7d1d0d177c6cc8744abd86"},
    {file = "argon2_cffi_bindings-21.2.0-cp36-abi3-musllinux_1_1_i686.whl", hash = "sha256:8cd69c07dd875537a824deec19f978e0f2078fdda07fd5c42ac29668dda5f40f"},
    {file = "argon2_cffi_bindings-21.2.0-cp36-abi3-musllinux_1_1_x86_64.whl", hash = "sha256:f1152ac548bd5b8bcecfb0b0371f082037e47128653df2e8ba6e914d384f3c3e"},
    {file = "argon2_cffi_bindings-21.2.0-cp36-abi3-win32.whl", hash = "sha256:603ca0aba86b1349b147cab91ae970c63118a0f30444d4bc80355937c950c082"},
    {file = "argon2_cffi_bindings-21.2.0-cp36-abi3-win_amd64.whl", hash = "sha256:b2ef1c30440dbbcba7a5dc3e319408b59676e2e039e2ae11a8775ecf482b192f"},
    {file = "argon2_cffi_bindings-21.2.0-cp38-abi3-macosx_10_9_universal2.whl", hash = "sha256:e415e3f62c8d124ee16018e491a009937f8cf7ebf5eb430ffc5de21b900dad93"},
    {file = "argon2_cffi_bindings-21.2.0-pp37-pypy37_pp73-macosx_10_9_x86_64.whl", hash = "sha256:3e385d1c39c520c08b53d63300c3ecc28622f076f4c2b0e6d7e796e9f6502194"},
    {file = "argon2_cffi_bindings-21.2.0-pp37-pypy37_pp73-manylinux_2_17_aarch64.manylinux2014_aarch64.whl", hash = "sha256:2c3e3cc67fdb7d82c4718f19b4e7a87123caf8a93fde7e23cf66ac0337d3cb3f"},
    {file = "argon2_cffi_bindings-21.2.0-pp37-pypy37_pp73-manylinux_2_17_x86_64.manylinux2014_x86_64.whl", hash = "sha256:6a22ad9800121b71099d0fb0a65323810a15f2e292f2ba450810a7316e128ee5"},
    {file = "argon2_cffi_bindings-21.2.0-pp37-pypy37_pp73-manylinux_2_5_i686.manylinux1_i686.manylinux_2_17_i686.manylinux2014_i686.whl", hash = "sha256:f9f8b450ed0547e3d473fdc8612083fd08dd2120d6ac8f73828df9b7d45bb351"},
    {file = "argon2_cffi_bindings-21.2.0-pp37-pypy37_pp73-win_amd64.whl", hash = "sha256:93f9bf70084f97245ba10ee36575f0c3f1e7d7724d67d8e5b08e61787c320ed7"},
    {file = "argon2_cffi_bindings-21.2.0-pp38-pypy38_pp73-macosx_10_9_x86_64.whl", hash = "sha256:3b9ef65804859d335dc6b31582cad2c5166f0c3e7975f324d9ffaa34ee7e6583"},
    {file = "argon2_cffi_bindings-21.2.0-pp38-pypy38_pp73-manylinux_2_17_aarch64.manylinux2014_aarch64.whl", hash = "sha256:d4966ef5848d820776f5f562a7d45fdd70c2f330c961d0d745b784034bd9f48d"},
    {file = "argon2_cffi_bindings-21.2.0-pp38-pypy38_pp73-manylinux_2_17_x86_64.manylinux2014_x86_64.whl", hash = "sha256:20ef543a89dee4db46a1a6e206cd015360e5a75822f76df533845c3cbaf72670"},
    {file = "argon2_cffi_bindings-21.2.0-pp38-pypy38_pp73-manylinux_2_5_i686.manylinux1_i686.manylinux_2_17_i686.manylinux2014_i686.whl", hash = "sha256:ed2937d286e2ad0cc79a7087d3c272832865f779430e0cc2b4f3718d3159b0cb"},
    {file = "argon2_cffi_bindings-21.2.0-pp38-pypy38_pp73-win_amd64.whl", hash = "sha256:5e00316dabdaea0b2dd82d141cc66889ced0cdcbfa599e8b471cf22c620c329a"},
]

[package.dependencies]
cffi = ">=1.0.1"

[package.extras]
dev = ["cogapp", "pre-commit", "pytest", "wheel"]
tests = ["pytest"]

[[package]]
name = "cffi"
version = "1.17.1"
description = "Foreign Function Interface for Python calling C code."
optional = false
python-versions = ">=3.8"
groups = ["main"]
files = [
    {file = "cffi-1.17.1-cp310-cp310-macosx_10_9_x86_64.whl", hash = "sha256:df8b1c11f177bc2313ec4b2d46baec87a5f3e71fc8b45dab2ee7cae86d9aba14"},
    {file = "cffi-1.17.1-cp310-cp310-macosx_11_0_arm64.whl", hash = "sha256:8f2cdc858323644ab277e9bb925ad72ae0e67f69e804f4898c070998d50b1a67"},
    {file = "cffi-1.17.1-cp310-cp310-manylinux_2_12_i686.manylinux2010_i686.manylinux_2_17_i686.manylinux2014_i686.whl", hash = "sha256:edae79245293e15384b51f88b00613ba9f7198016a5948b5dddf4917d4d26382"},
    {file = "cffi-1.17.1-cp310-cp310-manylinux_2_17_aarch64.manylinux2014_aarch64.whl", hash = "sha256:45398b671ac6d70e67da8e4224a065cec6a93541bb7aebe1b198a61b58c7b702"},
    {file = "cffi-1.17.1-cp310-cp310-manylinux_2_17_ppc64le.manylinux2014_ppc64le.whl", hash = "sha256:ad9413ccdeda48c5afdae7e4fa2192157e991ff761e7ab8fdd8926f40b160cc3"},
    {file = "cffi-1.17.1-cp310-cp310-manylinux_2_17_s390x.manylinux2014_s390x.whl", hash = "sha256:5da5719280082ac6bd9aa7becb3938dc9f9cbd57fac7d2871717b1feb0902ab6"},
    {file = "cffi-1.17.1-cp310-cp310-manylinux_2_17_x86_64.manylinux2014_x86_64.whl", hash = "sha256:2bb1a08b8008b281856e5971307cc386a8e9c5b625ac297e853d36da6efe9c17"},
    {file = "cffi-1.17.1-cp310-cp310-musllinux_1_1_aarch64.whl", hash = "sha256:045d61c734659cc045141be4bae381a41d89b741f795af1dd018bfb532fd0df8"},
    {file = "cffi-1.17.1-cp310-cp310-musllinux_1_1_i686.whl", hash = "sha256:6883e737d7d9e4899a8a695e00ec36bd4e5e4f18fabe0aca0efe0a4b44cdb13e"},
    {file = "cffi-1.17.1-cp310-cp310-musllinux_1_1_x86_64.whl", hash = "sha256:6b8b4a92e1c65048ff98cfe1f735ef8f1ceb72e3d5f0c25fdb12087a23da22be"},
    {file = "cffi-1.17.1-cp310-cp310-win32.whl", hash = "sha256:c9c3d058ebabb74db66e431095118094d06abf53284d9c81f27300d0e0d8bc7c"},
    {file = "cffi-1.17.1-cp310-cp310-win_amd64.whl", hash = "sha256:0f048dcf80db46f0098ccac01132761580d28e28bc0f78ae0d58048063317e15"},
    {file = "cffi-1.17.1-cp311-cp311-macosx_10_9_x86_64.whl", hash = "sha256:a45e3c6913c5b87b3ff120dcdc03f6131fa0065027d0ed7ee6190736a74cd401"},
    {file = "cffi-1.17.1-cp311-cp311-macosx_11_0_arm64.whl", hash = "sha256:30c5e0cb5ae493c04c8b42916e52ca38079f1b235c2f8ae5f4527b963c401caf"},
    {file = "cffi-1.17.1-cp311-cp311-manylinux_2_12_i686.manylinux2010_i686.manylinux_2_17_i686.manylinux2014_i686.whl", hash = "sha256:f75c7ab1f9e4aca5414ed4d8e5c0e303a34f4421f8a0d47a4d019ceff0ab6af4"},
    {file = "cffi-1.17.1-cp311-cp311-manylinux_2_17_aarch64.manylinux2014_aarch64.whl", hash = "sha256:a1ed2dd2972641495a3ec98445e09766f077aee98a1c896dcb4ad0d303628e41"},
    {file = "cffi-1.17.1-cp311-cp311-manylinux_2_17_ppc64le.manylinux2014_ppc64le.whl", hash = "sha256:46bf43160c1a35f7ec506d254e5c890f3c03648a4dbac12d624e4490a7046cd1"},
    {file = "cffi-1.17.1-cp311-cp311-manylinux_2_17_s390x.manylinux2014_s390x.whl", hash = "sha256:a24ed04c8ffd54b0729c07cee15a81d964e6fee0e3d4d342a27b020d22959dc6"},
    {file = "cffi-1.17.1-cp311-cp311-manylinux_2_17_x86_64.manylinux2014_x86_64.whl", hash = "sha256:610faea79c43e44c71e1ec53a554553fa22321b65fae24889706c0a84d4ad86d"},
    {file = "cffi-1.17.1-cp311-cp311-musllinux_1_1_aarch64.whl", hash = "sha256:a9b15d491f3ad5d692e11f6b71f7857e7835eb677955c00cc0aefcd0669adaf6"},
    {file = "cffi-1.17.1-cp311-cp311-musllinux_1_1_i686.whl", hash = "sha256:de2ea4b5833625383e464549fec1bc395c1bdeeb5f25c4a3a82b5a8c756ec22f"},
    {file = "cffi-1.17.1-cp311-cp311-musllinux_1_1_x86_64.whl", hash = "sha256:fc48c783f9c87e60831201f2cce7f3b2e4846bf4d8728eabe54d60700b318a0b"},
    {file = "cffi-1.17.1-cp311-cp311-win32.whl", hash = "sha256:85a950a4ac9c359340d5963966e3e0a94a676bd6245a4b55bc43949eee26a655"},
    {file = "cffi-1.17.1-cp311-cp311-win_amd64.whl", hash = "sha256:caaf0640ef5f5517f49bc275eca1406b0ffa6aa184892812030f04c2abf589a0"},
    {file = "cffi-1.17.1-cp312-cp312-macosx_10_9_x86_64.whl", hash = "sha256:805b4371bf7197c329fcb3ead37e710d1bca9da5d583f5073b799d5c5bd1eee4"},
    {file = "cffi-1.17.1-cp312-cp312-macosx_11_0_arm64.whl", hash = "sha256:733e99bc2df47476e3848417c5a4540522f234dfd4ef3ab7fafdf555b082ec0c"},
    {file = "cffi-1.17.1-cp312-cp312-manylinux_2_12_i686.manylinux2010_i686.manylinux_2_17_i686.manylinux2014_i686.whl", hash = "sha256:1257bdabf294dceb59f5e70c64a3e2f462c30c7ad68092d01bbbfb1c16b1ba36"},
    {file = "cffi-1.17.1-cp312-cp312-manylinux_2_17_aarch64.manylinux2014_aarch64.whl", hash = "sha256:da95af8214998d77a98cc14e3a3bd00aa191526343078b530ceb0bd710fb48a5"},
    {file = "cffi-1.17.1-cp312-cp312-manylinux_2_17_ppc64le.manylinux2014_ppc64le.whl", hash = "sha256:d63afe322132c194cf832bfec0dc69a99fb9bb6bbd550f161a49e9e855cc78ff"},
    {file = "cffi-1.17.1-cp312-cp312-manylinux_2_17_s390x.manylinux2014_s390x.whl", hash = "sha256:f79fc4fc25f1c8698ff97788206bb3c2598949bfe0fef03d299eb1b5356ada99"},
    {file = "cffi-1.17.1-cp312-cp312-manylinux_2_17_x86_64.manylinux2014_x86_64.whl", hash = "sha256:b62ce867176a75d03a665bad002af8e6d54644fad99a3c70905c543130e39d93"},
    {file = "cffi-1.17.1-cp312-cp312-musllinux_1_1_aarch64.whl", hash = "sha256:386c8bf53c502fff58903061338ce4f4950cbdcb23e2902d86c0f722b786bbe3"},
    {file = "cffi-1.17.1-cp312-cp312-musllinux_1_1_x86_64.whl", hash = "sha256:4ceb10419a9adf4460ea14cfd6bc43d08701f0835e979bf821052f1805850fe8"},
    {file = "cffi-1.17.1-cp312-cp312-win32.whl", hash = "sha256:a08d7e755f8ed21095a310a693525137cfe756ce62d066e53f502a83dc550f65"},
    {file = "cffi-1.17.1-cp312-cp312-win_amd64.whl", hash = "sha256:51392eae71afec0d0c8fb1a53b204dbb3bcabcb3c9b807eedf3e1e6ccf2de903"},
    {file = "cffi-1.17.1-cp313-cp313-macosx_10_13_x86_64.whl", hash = "sha256:f3a2b4222ce6b60e2e8b337bb9596923045681d71e5a082783484d845390938e"},
    {file = "cffi-1.17.1-cp313-cp313-macosx_11_0_arm64.whl", hash = "sha256:0984a4925a435b1da406122d4d7968dd861c1385afe3b45ba82b750f229811e2"},
    {file = "cffi-1.17.1-cp313-cp313-manylinux_2_12_i686.manylinux2010_i686.manylinux_2_17_i686.manylinux2014_i686.whl", hash = "sha256:d01b12eeeb4427d3110de311e1774046ad344f5b1a7403101878976ecd7a10f3"},
    {file = "cffi-1.17.1-cp313-cp313-manylinux_2_17_aarch64.manylinux2014_aarch64.whl", hash = "sha256:706510fe141c86a69c8ddc029c7910003a17353970cff3b904ff0686a5927683"},
    {file = "cffi-1.17.1-cp313-cp313-manylinux_2_17_ppc64le.manylinux2014_ppc64le.whl", hash = "sha256:de55b766c7aa2e2a3092c51e0483d700341182f08e67c63630d5b6f200bb28e5"},
    {file = "cffi-1.17.1-cp313-cp313-manylinux_2_17_s390x.manylinux2014_s390x.whl", hash = "sha256:c59d6e989d07460165cc5ad3c61f9fd8f1b4796eacbd81cee78957842b834af4"},
    {file = "cffi-1.17.1-cp313-cp313-manylinux_2_17_x86_64.manylinux2014_x86_64.whl", hash = "sha256:dd398dbc6773384a17fe0d3e7eeb8d1a21c2200473ee6806bb5e6a8e62bb73dd"},
    {file = "cffi-1.17.1-cp313-cp313-musllinux_1_1_aarch64.whl", hash = "sha256:3edc8d958eb099c634dace3c7e16560ae474aa3803a5df240542b305d14e14ed"},
    {file = "cffi-1.17.1-cp313-cp313-musllinux_1_1_x86_64.whl", hash = "sha256:72e72408cad3d5419375fc87d289076ee319835bdfa2caad331e377589aebba9"},
    {file = "cffi-1.17.1-cp313-cp313-win32.whl", hash = "sha256:e03eab0a8677fa80d646b5ddece1cbeaf556c313dcfac435ba11f107ba117b5d"},
    {file = "cffi-1.17.1-cp313-cp313-win_amd64.whl", hash = "sha256:f6a16c31041f09ead72d69f583767292f750d24913dadacf5756b966aacb3f1a"},
    {file = "cffi-1.17.1-cp38-cp38-macosx_10_9_x86_64.whl", hash = "sha256:636062ea65bd0195bc012fea9321aca499c0504409f413dc88af450b57ffd03b"},
    {file = "cffi-1.17.1-cp38-cp38-manylinux_2_12_i686.manylinux2010_i686.manylinux_2_17_i686.manylinux2014_i686.whl", hash = "sha256:c7eac2ef9b63c79431bc4b25f1cd649d7f061a28808cbc6c47b534bd789ef964"},
    {file = "cffi-1.17.1-cp38-cp38-manylinux_2_17_aarch64.manylinux2014_aarch64.whl", hash = "sha256:e221cf152cff04059d011ee126477f0d9588303eb57e88923578ace7baad17f9"},
    {file = "cffi-1.17.1-cp38-cp38-manylinux_2_17_ppc64le.manylinux2014_ppc64le.whl", hash = "sha256:31000ec67d4221a71bd3f67df918b1f88f676f1c3b535a7eb473255fdc0b83fc"},
    {file = "cffi-1.17.1-cp38-cp38-manylinux_2_17_s390x.manylinux2014_s390x.whl", hash = "sha256:6f17be4345073b0a7b8ea599688f692ac3ef23ce28e5df79c04de519dbc4912c"},
    {file = "cffi-1.17.1-cp38-cp38-manylinux_2_17_x86_64.manylinux2014_x86_64.whl", hash = "sha256:0e2b1fac190ae3ebfe37b979cc1ce69c81f4e4fe5746bb401dca63a9062cdaf1"},
    {file = "cffi-1.17.1-cp38-cp38-win32.whl", hash = "sha256:7596d6620d3fa590f677e9ee430df2958d2d6d6de2feeae5b20e82c00b76fbf8"},
    {file = "cffi-1.17.1-cp38-cp38-win_amd64.whl", hash = "sha256:78122be759c3f8a014ce010908ae03364d00a1f81ab5c7f4a7a5120607ea56e1"},
    {file = "cffi-1.17.1-cp39-cp39-macosx_10_9_x86_64.whl", hash = "sha256:b2ab587605f4ba0bf81dc0cb08a41bd1c0a5906bd59243d56bad7668a6fc6c16"},
    {file = "cffi-1.17.1-cp39-cp39-macosx_11_0_arm64.whl", hash = "sha256:28b16024becceed8c6dfbc75629e27788d8a3f9030691a1dbf9821a128b22c36"},
    {file = "cffi-1.17.1-cp39-cp39-manylinux_2_12_i686.manylinux2010_i686.manylinux_2_17_i686.manylinux2014_i686.whl", hash = "sha256:1d599671f396c4723d016dbddb72fe8e0397082b0a77a4fab8028923bec050e8"},
    {file = "cffi-1.17.1-cp39-cp39-manylinux_2_17_aarch64.manylinux2014_aarch64.whl", hash = "sha256:ca74b8dbe6e8e8263c0ffd60277de77dcee6c837a3d0881d8c1ead7268c9e576"},
    {file = "cffi-1.17.1-cp39-cp39-manylinux_2_17_ppc64le.manylinux2014_ppc64le.whl", hash = "sha256:f7f5baafcc48261359e14bcd6d9bff6d4b28d9103847c9e136694cb0501aef87"},
    {file = "cffi-1.17.1-cp39-cp39-manylinux_2_17_s390x.manylinux2014_s390x.whl", hash = "sha256:98e3969bcff97cae1b2def8ba499ea3d6f31ddfdb7635374834cf89a1a08ecf0"},
    {file = "cffi-1.17.1-cp39-cp39-manylinux_2_17_x86_64.manylinux2014_x86_64.whl", hash = "sha256:cdf5ce3acdfd1661132f2a9c19cac174758dc2352bfe37d98aa7512c6b7178b3"},
    {file = "cffi-1.17.1-cp39-cp39-musllinux_1_1_aarch64.whl", hash = "sha256:9755e4345d1ec879e3849e62222a18c7174d65a6a92d5b346b1863912168b595"},
    {file = "cffi-1.17.1-cp39-cp39-musllinux_1_1_i686.whl", hash = "sha256:f1e22e8c4419538cb197e4dd60acc919d7696e5ef98ee4da4e01d3f8cfa4cc5a"},
    {file = "cffi-1.17.1-cp39-cp39-musllinux_1_1_x86_64.whl", hash = "sha256:c03e868a0b3bc35839ba98e74211ed2b05d2119be4e8a0f224fba9384f1fe02e"},
    {file = "cffi-1.17.1-cp39-cp39-win32.whl", hash = "sha256:e31ae45bc2e29f6b2abd0de1cc3b9d5205aa847cafaecb8af1476a609a2f6eb7"},
    {file = "cffi-1.17.1-cp39-cp39-win_amd64.whl", hash = "sha256:d016c76bdd850f3c626af19b0542c9677ba156e4ee4fccfdd7848803533ef662"},
    {file = "cffi-1.17.1.tar.gz", hash = "sha256:1c39c6016c32bc48dd54561950ebd6836e1670f2ae46128f67cf49e789c52824"},
]

[package.dependencies]
pycparser = "*"

[[package]]
name = "construct"
version = "2.10.70"
description = "A powerful declarative symmetric parser/builder for binary data"
optional = false
python-versions = ">=3.6"
groups = ["main"]
files = [
    {file = "construct-2.10.70-py3-none-any.whl", hash = "sha256:c80be81ef595a1a821ec69dc16099550ed22197615f4320b57cc9ce2a672cb30"},
    {file = "construct-2.10.70.tar.gz", hash = "sha256:4d2472f9684731e58cc9c56c463be63baa1447d674e0d66aeb5627b22f512c29"},
]

[package.extras]
extras = ["arrow", "cloudpickle", "cryptography", "lz4", "numpy", "ruamel.yaml"]

[[package]]
name = "lxml"
version = "6.1.3"
description = "Powerful and Pythonic XML processing library combining libxml2/libxslt with the ElementTree API."
optional = false
python-versions = ">=3.8"
groups = ["main"]
files = [
    {file = "lxml-6.1.3-cp310-cp310-macosx_10_9_universal2.whl", hash = "sha256:40bcbd9f94166ffe925811e730607385cec959f42fb1bb7dad83748680465221"},
    {file = "lxml-6.1.3-cp310-cp310-macosx_10_9_x86_64.whl", hash = "sha256:05f5bce9af14fd1506997594bd81cee6d9c6b58ea80a39c058327aa6371ed9e9"},
    {file = "lxml-6.1.3-cp310-cp310-manylinux2014_aarch64.manylinux_2_17_aarch64.whl", hash = "sha256:ff88a92cafde90888511242d1c54afcc1a8adbb6dc0a88fa7f87e29e92400d4a"},
    {file = "lxml-6.1.3-cp310-cp310-manylinux2014_x86_64.manylinux_2_17_x86_64.whl", hash = "sha256:c00e26288784460885fe76e4d4b293573e0f791f52e6d60e27b42edf005922eb"},
    {file = "lxml-6.1.3-cp310-cp310-manylinux_2_26_aarch64.manylinux_2_28_aarch64.whl", hash = "sha256:773062aec2f2e56b2b22d37054123f0de8a22a4688a0c3376c3fe42685f975cf"},
    {file = "lxml-6.1.3-cp310-cp310-manylinux_2_26_x86_64.manylinux_2_28_x86_64.whl", hash = "sha256:f6449672f9c93316deb5e2839e18931f468670e44d5bd9b1301a5a9655d45c07"},
    {file = "lxml-6.1.3-cp310-cp310-manylinux_2_28_i686.whl", hash = "sha256:ec295280f4b37769256da025acf5890370355ac589c27e89caae0b5e9eedc702"},
    {file = "lxml-6.1.3-cp310-cp310-manylinux_2_31_armv7l.whl", hash = "sha256:5929d9df5e7e3379183be0e21f7d559618a5b61cb63280df6164019242e337ed"},
    {file = "lxml-6.1.3-cp310-cp310-manylinux_2_38_riscv64.manylinux_2_39_riscv64.whl", hash = "sha256:6e1eb8a4cbffd5553680ad96be6680e364710656eced73d1dc90ec489df599a3"},
    {file = "lxml-6.1.3-cp310-cp310-musllinux_1_2_aarch64.whl", hash = "sha256:16148acd77ed1d8836a56db883af2f5eed720f9723088110b16a0d08582130a6"},
    {file = "lxml-6.1.3-cp310-cp310-musllinux_1_2_armv7l.whl", hash = "sha256:23c366231259cd75ad06495174701afb3fcb36a92917fa47de2d1f1bd9d95739"},
    {file = "lxml-6.1.3-cp310-cp310-musllinux_1_2_riscv64.whl", hash = "sha256:da85db328e507da922d586c3c7416ec360ec22e9cd9e0700691afacde0c81f53"},
    {file = "lxml-6.1.3-cp310-cp310-musllinux_1_2_x86_64.whl", hash = "sha256:0f17d83c48ee9dfd96abae3ac3e2108c76d2fc86ce96355e37b8da9f7f4ecc08"},
    {file = "lxml-6.1.3-cp310-cp310-win32.whl", hash = "sha256:7dd624c1eaa629ad44b59a1a0145fdf2d67895592dce94c9358b938b3d075e65"},
    {file = "lxml-6.1.3-cp310-cp310-win_amd64.whl", hash = "sha256:18a4db52b5a7b53a3540b0b0f4123319334621ee8083d496de314d0bf06ff59a"},
    {file = "lxml-6.1.3-cp310-cp310-win_arm64.whl", hash = "sha256:0feebef8d0521188d0157f758356072e840173aa61ca45b8b3f87959ac283dd5"},
    {file = "lxml-6.1.3-cp311-cp311-macosx_10_9_universal2.whl", hash = "sha256:c66f858b82497173f73366795fc6ee8171620e75a338506d6b2e7bc16f5fca11"},
    {file = "lxml-6.1.3-cp311-cp311-macosx_10_9_x86_64.whl", hash = "sha256:032a0a97eed428bd143c75a11118238546424ceb2fa311cca5f073aa44658dc4"},
    {file = "lxml-6.1.3-cp311-cp311-manylinux2014_aarch64.manylinux_2_17_aarch64.whl", hash = "sha256:4a579dfb9c835f8ab47f4b8ed33440cbc75b806b73297208e6ec2a33e903740b"},
    {file = "lxml-6.1.3-cp311-cp311-manylinux2014_x86_64.manylinux_2_17_x86_64.whl", hash = "sha256:49fbc2682a9306135b7ec49e93f97f9c26689b9b7f96ed2742d8d6497e994d13"},
    {file = "lxml-6.1.3-cp311-cp311-manylinux_2_26_aarch64.manylinux_2_28_aarch64.whl", hash = "sha256:ea2c01cdb16dc12156e455007c406dfaaece0c89aa4ba0e3b47586779f951d41"},
    {file = "lxml-6.1.3-cp311-cp311-manylinux_2_26_x86_64.manylinux_2_28_x86_64.whl", hash = "sha256:527195c188d7d0af748cd48d220ab8cdc5cb99be3d49ac4d9be7324d8abf9bc0"},
    {file = "lxml-6.1.3-cp311-cp311-manylinux_2_28_i686.whl", hash = "sha256:20384c2bbcbf87180c8c61eb60869699c1ec0cd09b62cfd13804022d860b0867"},
    {file = "lxml-6.1.3-cp311-cp311-manylinux_2_31_armv7l.whl", hash = "sha256:424aa5657141d306ba9ad1baab4b2c0a0719040075ee6c66aee9bb2dea2b5054"},
    {file = "lxml-6.1.3-cp311-cp311-manylinux_2_38_riscv64.manylinux_2_39_riscv64.whl", hash = "sha256:4736e6c87e603146d8949d8501da621ad20c31015060d3fcf95ace2859f3e3e6"},
    {file = "lxml-6.1.3-cp311-cp311-musllinux_1_2_aarch64.whl", hash = "sha256:6374e9e382e5a98c9c5e66d41b357b470da1c54bce30f17f9dc4bcc58436cc1c"},
    {file = "lxml-6.1.3-cp311-cp311-musllinux_1_2_armv7l.whl", hash = "sha256:22eec57e26c418cde02c051ce9914a365e52a7f135a565c6f0480242aeebab48"},
    {file = "lxml-6.1.3-cp311-cp311-musllinux_1_2_riscv64.whl", hash = "sha256:8753b8d51dbc86fd335ee31fcf7f3658e9f5c016d4edfb23f76ad295f4b8c9d0"},
    {file = "lxml-6.1.3-cp311-cp311-musllinux_1_2_x86_64.whl", hash = "sha256:207dfc3d47cf0e575e643bbc140dacc8863b39abaa1e5307cd64c7f2365b8a12"},
    {file = "lxml-6.1.3-cp311-cp311-win32.whl", hash = "sha256:18293f8a8d8b6a8e71ef37706b659e3846a4261232158167b1ddf35f6994f633"},
    {file = "lxml-6.1.3-cp311-cp311-win_amd64.whl", hash = "sha256:7ae4949f212a53b007dbc355884fda122545c5764a54256c9217e419a62a6559"},
    {file = "lxml-6.1.3-cp311-cp311-win_arm64.whl", hash = "sha256:2123e5aa075ac20d23c7af489255efd129cbfe190dbe88fd42598cc9df3199b6"},
    {file = "lxml-6.1.3-cp312-cp312-macosx_10_13_universal2.whl", hash = "sha256:0c0710ac085a157b593c38fbcacd950f15c4afa8e2057527185875ab302752bc"},
    {file = "lxml-6.1.3-cp312-cp312-macosx_10_13_x86_64.whl", hash = "sha256:623c8799c17128753c65699f1c3aa32402657393a9ad6db09ed8b98ddf76611d"},
    {file = "lxml-6.1.3-cp312-cp312-manylinux2014_aarch64.manylinux_2_17_aarch64.whl", hash = "sha256:f683dc6300317700025e41d89a43e0276692ded16113a3c43eab704d605c58e5"},
    {file = "lxml-6.1.3-cp312-cp312-manylinux2014_x86_64.manylinux_2_17_x86_64.whl", hash = "sha256:379f8a75cf6eb7eef0af074b55f49ab73b868388a98de14646abcdfa4564bb11"},
    {file = "lxml-6.1.3-cp312-cp312-manylinux_2_26_aarch64.manylinux_2_28_aarch64.whl", hash = "sha256:b37772102d44bb6628186accca3a121b1fa3a6b3d97518a8c29a5229ca4c0d0a"},
    {file = "lxml-6.1.3-cp312-cp312-manylinux_2_26_ppc64le.manylinux_2_28_ppc64le.whl", hash = "sha256:ddcf547bea2aee967d6a77779376a45e77e610e8465147a1f3d7e20d539d6e32"},
    {file = "lxml-6.1.3-cp312-cp312-manylinux_2_26_x86_64.manylinux_2_28_x86_64.whl", hash = "sha256:909f4e927bb051f7740d6367285fc60cdcfdaf0258c2dba4ff5ba7eadadc250c"},
    {file = "lxml-6.1.3-cp312-cp312-manylinux_2_28_i686.whl", hash = "sha256:a5c18810318303ce9afb3f95e2ddb54834f96fa699a8600433fd5a93dcf44c56"},
    {file = "lxml-6.1.3-cp312-cp312-manylinux_2_31_armv7l.whl", hash = "sha256:3e42265103fb385d8642a78672edf376c6f7e1d3598a7a4f9cb1278f2f6b5f6f"},
    {file = "lxml-6.1.3-cp312-cp312-manylinux_2_38_riscv64.manylinux_2_39_riscv64.whl", hash = "sha256:21402998e4b78e7cce237d2788841aaa21ac9a4d1574d04dc2d12ee41ae807b5"},
    {file = "lxml-6.1.3-cp312-cp312-musllinux_1_2_aarch64.whl", hash = "sha256:38fc4e4e4e084e0bd491949482527d406788045c546d4f8789e93fc527b91385"},
    {file = "lxml-6.1.3-cp312-cp312-musllinux_1_2_armv7l.whl", hash = "sha256:5609efdb0d3c95499c00046bc53648b3482ec2175b5503d6e611b3f0555dc71d"},
    {file = "lxml-6.1.3-cp312-cp312-musllinux_1_2_ppc64le.whl", hash = "sha256:97ce49699d87ebf8aad631b55d65b33219a4f1bfefbbf5bff19dc9af160aeaf9"},
    {file = "lxml-6.1.3-cp312-cp312-musllinux_1_2_riscv64.whl", hash = "sha256:48542c9acba9ff9450bd18d871d2c2c8787fdb283572b623d206f1b927cd7d9e"},
    {file = "lxml-6.1.3-cp312-cp312-musllinux_1_2_x86_64.whl", hash = "sha256:c55e71a9b1db1f107efb60da49c093689b74c5c31a708e5379e2fd9439d4fbb5"},
    {file = "lxml-6.1.3-cp312-cp312-win32.whl", hash = "sha256:b3ff39654f0ce6ebd4db154211136dbe7e8157bcc3bed2344c87f32c7c6ecb6c"},
    {file = "lxml-6.1.3-cp312-cp312-win_amd64.whl", hash = "sha256:3e9a00d1c2c30936f7add097c41afc5da6556c580909104aafd382cac92a855c"},
    {file = "lxml-6.1.3-cp312-cp312-win_arm64.whl", hash = "sha256:1aeca87830c4fe649dcf93fe2b059525b71c72587f21be4ae4af7103082a79fa"},
    {file = "lxml-6.1.3-cp313-cp313-macosx_10_13_universal2.whl", hash = "sha256:3a48093cdb058a93af842ede9703520e810b05dcd0fc6d7190a06376c3bfb6bd"},
    {file = "lxml-6.1.3-cp313-cp313-macosx_10_13_x86_64.whl", hash = "sha256:887c021d9a977cff89cb273047c1352997b772a8908a25c21836861f69b92be1"},
    {file = "lxml-6.1.3-cp313-cp313-manylinux2014_aarch64.manylinux_2_17_aarch64.whl", hash = "sha256:611a51e61c92f62345a50b0035df6fc0d678f9299f33728826d831598862f59d"},
    {file = "lxml-6.1.3-cp313-cp313-manylinux2014_x86_64.manylinux_2_17_x86_64.whl", hash = "sha256:b477912f42c5c33405a10c759d22f80cf5af043ae02d95b9d8e5e5bc555739ed"},
    {file = "lxml-6.1.3-cp313-cp313-manylinux_2_26_aarch64.manylinux_2_28_aarch64.whl", hash = "sha256:5cffe18571ccc51d742cd08cbb3f8b756de9311d18c7ea98f5d92f37b8fb60c2"},
    {file = "lxml-6.1.3-cp313-cp313-manylinux_2_26_ppc64le.manylinux_2_28_ppc64le.whl", hash = "sha256:75cc6569e86be5785b6188ef1642670c6adbc984e81ec35e224842ecd9eefcc8"},
    {file = "lxml-6.1.3-cp313-cp313-manylinux_2_26_x86_64.manylinux_2_28_x86_64.whl", hash = "sha256:d85dfab42dd672f87a7f76e9de7172962aee69fa12044f0d6e1a23cbd53fb80e"},
    {file = "lxml-6.1.3-cp313-cp313-manylinux_2_28_i686.whl", hash = "sha256:42632b4024ab24a6b488f559ac851312509888b6b80ae2aa11cf29a646a0d245"},
    {file = "lxml-6.1.3-cp313-cp313-manylinux_2_31_armv7l.whl", hash = "sha256:febd35ef45f603c2d74b74655efdbf45e14f55fc0aef4ac82b663ca829b283e0"},
    {file = "lxml-6.1.3-cp313-cp313-manylinux_2_38_riscv64.manylinux_2_39_riscv64.whl", hash = "sha256:a43b3bdf11e477dc7770609d3477316f974354dfc8425d596f64f471cc8daf6e"},
    {file = "lxml-6.1.3-cp313-cp313-musllinux_1_2_aarch64.whl", hash = "sha256:5d582042c69857c364e8153de6e18e0da9b7b515a6a8113caf69a6ec8e0520f2"},
    {file = "lxml-6.1.3-cp313-cp313-musllinux_1_2_armv7l.whl", hash = "sha256:8e49a646acfab83c68974f4aa1d0a2acca9e88d7d627ae0fc13201b14b76d310"},
    {file = "lxml-6.1.3-cp313-cp313-musllinux_1_2_ppc64le.whl", hash = "sha256:0dee106e9aa97fb00541b1ed7827070564d0549c3d3fba8920e6b20fd980f748"},
    {file = "lxml-6.1.3-cp313-cp313-musllinux_1_2_riscv64.whl", hash = "sha256:dd5e90f34cffcfed97f36cf066325773d2b6021c60c29942e53a18b028501b1d"},
    {file = "lxml-6.1.3-cp313-cp313-musllinux_1_2_x86_64.whl", hash = "sha256:d9b3e7d71bf6acff341233417abbdface29c647e3113892d9aaedc02eb4aa2bc"},
    {file = "lxml-6.1.3-cp313-cp313-win32.whl", hash = "sha256:160fcf381f76c3aeac28a756bec44f48942a8f7245a87aa28e3a523b4d90cd87"},
    {file = "lxml-6.1.3-cp313-cp313-win_amd64.whl", hash = "sha256:e477aca0bc0d19f3b4ae9e4f2a1cfd687c31bf772d78734910658186b40b2477"},
    {file = "lxml-6.1.3-cp313-cp313-win_arm64.whl", hash = "sha256:b1cc980905221a5d8b3c476330730b3adb40ff80add71ffbdb6215ba055656f1"},
    {file = "lxml-6.1.3-cp314-cp314-macosx_10_15_universal2.whl", hash = "sha256:2bec13085dc8ef48a3fe62f7dfcacfeda2c785cdf19cc8eeda2bb9ed081da165"},
    {file = "lxml-6.1.3-cp314-cp314-macosx_10_15_x86_64.whl", hash = "sha256:4f4db7c7e954d289d71878938348b3d91b904a3e8210a11939359fb758a58e7d"},
    {file = "lxml-6.1.3-cp314-cp314-manylinux2014_aarch64.manylinux_2_17_aarch64.whl", hash = "sha256:2cae5d5c90a62d9139c512a0cb1aad1d182b022b5740daea2617eb5bf7fc658e"},
    {file = "lxml-6.1.3-cp314-cp314-manylinux2014_x86_64.manylinux_2_17_x86_64.whl", hash = "sha256:c6c0c13128a32eb04a51357e56a094e13aa8e6d3d1884de2e9ae923f6915e1a8"},
    {file = "lxml-6.1.3-cp314-cp314-manylinux_2_26_aarch64.manylinux_2_28_aarch64.whl", hash = "sha256:2221e88679d1351e9a40aaee54bc65679b9795bbd0160bc3d5e36b163344eb75"},
    {file = "lxml-6.1.3-cp314-cp314-manylinux_2_26_ppc64le.manylinux_2_28_ppc64le.whl", hash = "sha256:cfb398886a7eb4c719161c3efcff2a1248febc53a4d8e5072d2d8a87fed84ac9"},
    {file = "lxml-6.1.3-cp314-cp314-manylinux_2_26_x86_64.manylinux_2_28_x86_64.whl", hash = "sha256:a7eb78ba28b187e1e9203a55c60fcf70df2d22cb205fe6d51b9383d6097419f0"},
    {file = "lxml-6.1.3-cp314-cp314-manylinux_2_28_i686.whl", hash = "sha256:ea6b1e9105b4b24a34c722432d9fb578f9ed83af21fa1abda639011e0f22bbb6"},
    {file = "lxml-6.1.3-cp314-cp314-manylinux_2_31_armv7l.whl", hash = "sha256:e8b17e23df3e827a69d25af70990ca2420e92668aaffaeeb3cd2351d7916a023"},
    {file = "lxml-6.1.3-cp314-cp314-manylinux_2_38_riscv64.manylinux_2_39_riscv64.whl", hash = "sha256:1b7c37339d7e75cab9a123a04248e243cefefb302ad6db566ea0c77cbcde421e"},
    {file = "lxml-6.1.3-cp314-cp314-musllinux_1_2_aarch64.whl", hash = "sha256:83e3a51e7933db700a0da0db31849db3a24022d9970da9bb73001e1d0326fd92"},
    {file = "lxml-6.1.3-cp314-cp314-musllinux_1_2_armv7l.whl", hash = "sha256:9bde9ae026a55b9a192078dfa6e27dd0ca4a050171ab6272e92f97b757dfdf48"},
    {file = "lxml-6.1.3-cp314-cp314-musllinux_1_2_ppc64le.whl", hash = "sha256:1a635e837b50a1819bebfedaac5916498ea024120969da8790500148fb0a894d"},
    {file = "lxml-6.1.3-cp314-cp314-musllinux_1_2_riscv64.whl", hash = "sha256:d0c5c362bc94f1929dc7e96e715bbe7bd17037f802e6d8f0d1545df9133c0559"},
    {file = "lxml-6.1.3-cp314-cp314-musllinux_1_2_x86_64.whl", hash = "sha256:c59e4265608da6a041f54646ecc0c9ecdbb19aaf14c4c684bb6c2114998cc415"},
    {file = "lxml-6.1.3-cp314-cp314-win32.whl", hash = "sha256:2e62c569ec7531b679b184cbfe335c501c1d13c4b363560013019962eb630e6d"},
    {file = "lxml-6.1.3-cp314-cp314-win_amd64.whl", hash = "sha256:66299564c046bc7e0cc5de5106601eae907e9fa5904cd68a323380a8502f7861"},
    {file = "lxml-6.1.3-cp314-cp314-win_arm64.whl", hash = "sha256:ebd054ad1737a68fb7c5c073d405cef2b88bb824e294de3b4a4e995b47f0e376"},
    {file = "lxml-6.1.3-cp314-cp314t-macosx_10_15_universal2.whl", hash = "sha256:5a143e6207579de8baeded4eaac9134413200359f1969d636f0bfb98ee8c3c8f"},
    {file = "lxml-6.1.3-cp314-cp314t-macosx_10_15_x86_64.whl", hash = "sha256:a1cec0f99b9b914d39176347a93b7610dc09324491aee1cbc57cd291a41a1d55"},
    {file = "lxml-6.1.3-cp314-cp314t-manylinux2014_aarch64.manylinux_2_17_aarch64.whl", hash = "sha256:f6b9d2aad499c769ee8287609ab0e6de99d8bcea99c6e6c2e64945259fd52fb2"},
    {file = "lxml-6.1.3-cp314-cp314t-manylinux2014_x86_64.manylinux_2_17_x86_64.whl", hash = "sha256:28a23fefdb345b2d4d0ff2860571b5ff9a89a28b6a120f720e8fb0324d346626"},
    {file = "lxml-6.1.3-cp314-cp314t-manylinux_2_26_aarch64.manylinux_2_28_aarch64.whl", hash = "sha256:545ccc14fb05485f48b4439ec35beb16d5b5280eb6c81c658bd4707a2a119414"},
    {file = "lxml-6.1.3-cp314-cp314t-manylinux_2_26_ppc64le.manylinux_2_28_ppc64le.whl", hash = "sha256:93476b6514b373fc6ca67d26c442784f7807c86f00635bfe79f935c3eab2af17"},
    {file = "lxml-6.1.3-cp314-cp314t-manylinux_2_26_x86_64.manylinux_2_28_x86_64.whl", hash = "sha256:8db38ff3fb7aee7d6a82ae4da2eef1178656fe1216841fbd24870062a9d60473"},
    {file = "lxml-6.1.3-cp314-cp314t-manylinux_2_28_i686.whl", hash = "sha256:25f4118c438f96bb466e83108506d03d5c31b1bd2387e83e5b070bda6ded9c37"},
    {file = "lxml-6.1.3-cp314-cp314t-manylinux_2_31_armv7l.whl", hash = "sha256:1beb0f9909b26cee938df9ba56b15252a84429b1fc30ce6fca161390b9789a70"},
    {file = "lxml-6.1.3-cp314-cp314t-manylinux_2_38_riscv64.manylinux_2_39_riscv64.whl", hash = "sha256:3a27ac6c780c8b8a1cd231b58407634cafc1c4cc28cd6c7141362df0f36351e7"},
    {file = "lxml-6.1.3-cp314-cp314t-musllinux_1_2_aarch64.whl", hash = "sha256:a1932d7ce78a561367512c594fe66eac2b2ec9b9264cfd9b5f950622f4a116e2"},
    {file = "lxml-6.1.3-cp314-cp314t-musllinux_1_2_armv7l.whl", hash = "sha256:7d0f5976aa2701996f759b30172925829867547bb073af0ae67d1307a0f0262c"},
    {file = "lxml-6.1.3-cp314-cp314t-musllinux_1_2_ppc64le.whl", hash = "sha256:c5e7ce578aa8a80910a72a8ca0bbea3baae10100827249001999726a788456d8"},
    {file = "lxml-6.1.3-cp314-cp314t-musllinux_1_2_riscv64.whl", hash = "sha256:d97c5227621af74b111882a290b10f371780a38eef9d9e730408fba2259b52fb"},
    {file = "lxml-6.1.3-cp314-cp314t-musllinux_1_2_x86_64.whl", hash = "sha256:da707f14ea3c35ee463d50acd596d6488e4b2b4ae7cf77a5bf93f55c023d63e8"},
    {file = "lxml-6.1.3-cp314-cp314t-win32.whl", hash = "sha256:9efe56a68179f3adc4de41861c9358931db03837c48dd5e1c78077b84dd07f3a"},
    {file = "lxml-6.1.3-cp314-cp314t-win_amd64.whl", hash = "sha256:c9389b3784b56c58d933b5e0aecdf28f901b073ff385358d8a7d40907f6e14b2"},
    {file = "lxml-6.1.3-cp314-cp314t-win_arm64.whl", hash = "sha256:32a409be3190b088f960ac92bfedfbef2f86c49ff940765e1548177592d20026"},
    {file = "lxml-6.1.3-cp315-cp315-macosx_10_15_universal2.whl", hash = "sha256:6ea2f13dce778ca072ccee598bca46a092ce192e8fd907b6c1f0e52c800529a0"},
    {file = "lxml-6.1.3-cp315-cp315-macosx_10_15_x86_64.whl", hash = "sha256:c581b1d68b3845fb86c6b2983e755b29bf001461c59fa411d2c26a911b6559a9"},
    {file = "lxml-6.1.3-cp315-cp315-manylinux_2_26_aarch64.manylinux_2_28_aarch64.whl", hash = "sha256:2e01125896585139453cab8cb235893644d8815d7509520da95ae3ee8d1c1f79"},
    {file = "lxml-6.1.3-cp315-cp315-manylinux_2_26_ppc64le.manylinux_2_28_ppc64le.whl", hash = "sha256:290f66b97ede0e552e1cb44a0fd8a74f9753ee635b50830a0b122fb72788d015"},
    {file = "lxml-6.1.3-cp315-cp315-manylinux_2_26_x86_64.manylinux_2_28_x86_64.whl", hash = "sha256:73fc05988ed20809450474ba760a87c8ad4e455fc09783c02195e56ec634b41a"},
    {file = "lxml-6.1.3-cp315-cp315-manylinux_2_31_armv7l.whl", hash = "sha256:dc3a44689eea43eab836e5c98a8ab015dc2419987d1ea6eafc7c590cdff86bed"},
    {file = "lxml-6.1.3-cp315-cp315-manylinux_2_38_riscv64.manylinux_2_39_riscv64.whl", hash = "sha256:209c3ccbfe35a04ac6d24f0611f9d1cbf8025d49991b14acd935236234d6c156"},
    {file = "lxml-6.1.3-cp315-cp315-musllinux_1_2_aarch64.whl", hash = "sha256:2f5b2a2b9811b853b39bfa41367c6d78747b8e3e80e07fc5a24aae295c1a4d7d"},
    {file = "lxml-6.1.3-cp315-cp315-musllinux_1_2_armv7l.whl", hash = "sha256:6a406d0b3cb207b0fa460ed4dc93e866f44f105da0169361cb18ff998a44c7f0"},
    {file = "lxml-6.1.3-cp315-cp315-musllinux_1_2_ppc64le.whl", hash = "sha256:53258656846f5c48996b882fb4b135885e088a3ad3d96b4bc0530f95124d1f69"},
    {file = "lxml-6.1.3-cp315-cp315-musllinux_1_2_riscv64.whl", hash = "sha256:aa633613ff907ea91b9b0489a1f0da1b8725d8c6ccec6b77e8a1c9c235044bb0"},
    {file = "lxml-6.1.3-cp315-cp315-musllinux_1_2_x86_64.whl", hash = "sha256:90f709b9accab6b2e4d14f5c8718203877a0486bcb3afd74d8b539ecd1e961d4"},
    {file = "lxml-6.1.3-cp315-cp315-win32.whl", hash = "sha256:b4fc6b03b9d9d90557274f571ab30e7fbbfc527955536935d96f98b6817a86e4"},
    {file = "lxml-6.1.3-cp315-cp315-win_amd64.whl", hash = "sha256:33cadd956b667997e4de1635fce9541f2e8ede2038fcde8cf55aa14d571d1bad"},
    {file = "lxml-6.1.3-cp315-cp315-win_arm64.whl", hash = "sha256:8a330c0ee5fa318c7b5cbbaad882baeca3f570357e7eb25ab34bf31008150758"},
    {file = "lxml-6.1.3-cp315-cp315t-macosx_10_15_universal2.whl", hash = "sha256:0bf5a3e397df2ec4258eb5eea4c1ac6cf013ca1abd04a176903bff20a70021fe"},
    {file = "lxml-6.1.3-cp315-cp315t-macosx_10_15_x86_64.whl", hash = "sha256:13d22c0d57355366b393936acf6b98a5e0edeadddd3fccbc6a846c50a76b8741"},
    {file = "lxml-6.1.3-cp315-cp315t-manylinux_2_26_aarch64.manylinux_2_28_aarch64.whl", hash = "sha256:cad7617727a96d189bd6f979d0fadf765198c7934e85f4edaba9bf3ad919a300"},
    {file = "lxml-6.1.3-cp315-cp315t-manylinux_2_26_ppc64le.manylinux_2_28_ppc64le.whl", hash = "sha256:cae82b5ca24b0c2beedb269f6e2a96f466acd926879ab00ae19f1a65cbf9ffb0"},
    {file = "lxml-6.1.3-cp315-cp315t-manylinux_2_26_x86_64.manylinux_2_28_x86_64.whl", hash = "sha256:69cafd61aea04ebb3502c93c2aaa568b12931ca0802231e0b5de76bf8b6e74bd"},
    {file = "lxml-6.1.3-cp315-cp315t-manylinux_2_31_armv7l.whl", hash = "sha256:dc205732d593118cf701d986f40e9de7801bb2e371cb189ddbda9b7348f4d97e"},
    {file = "lxml-6.1.3-cp315-cp315t-manylinux_2_38_riscv64.manylinux_2_39_riscv64.whl", hash = "sha256:88e719b9437f148f7e1465df845c758dd1598618cbea3a2fd1e61a715542f2b2"},
    {file = "lxml-6.1.3-cp315-cp315t-musllinux_1_2_aarch64.whl", hash = "sha256:40983eabefd13da003e68170928c7acc011f0d095eefce5871a3c71c9385fb9a"},
    {file = "lxml-6.1.3-cp315-cp315t-musllinux_1_2_armv7l.whl", hash = "sha256:fad67b12ffe0f71e02b4932b04883cbc76a9072bbd30731409d3523cf058b011"},
    {file = "lxml-6.1.3-cp315-cp315t-musllinux_1_2_ppc64le.whl", hash = "sha256:6cd11e7550d89e551a87dcec30f04b1fca32e86b68708aa01a4daa455d8605e5"},
    {file = "lxml-6.1.3-cp315-cp315t-musllinux_1_2_riscv64.whl", hash = "sha256:ca0ec532ad2f5ba1e5ec120ac157769c57f01855b3d8bf37213f5d88abd9ba0a"},
    {file = "lxml-6.1.3-cp315-cp315t-musllinux_1_2_x86_64.whl", hash = "sha256:e99e09ab7741f1281e2677f4c0058c7f5267d182530b09c87e4f6aa26adf3887"},
    {file = "lxml-6.1.3-cp315-cp315t-win32.whl", hash = "sha256:ace1d2c83b2bd24db5940600541140e87a325e119cb32d5fa9ad720d7e76648e"},
    {file = "lxml-6.1.3-cp315-cp315t-win_amd64.whl", hash = "sha256:b49638355ea3bebba70da783ccbc630fd72afa16bc46c54474bfa1f9a915bbc6"},
    {file = "lxml-6.1.3-cp315-cp315t-win_arm64.whl", hash = "sha256:5a721a98c649855963811b59b55755b30566e7f7fc40bdc9803d66dee9f811cf"},
    {file = "lxml-6.1.3-cp38-cp38-macosx_10_9_x86_64.whl", hash = "sha256:13a620a3fcc20023f9e6ed5c383e00e826f1c2d5db554df2f67240760f9118e8"},
    {file = "lxml-6.1.3-cp38-cp38-manylinux2014_x86_64.manylinux_2_17_x86_64.whl", hash = "sha256:fbfb70ba01355251faf6b293171df49f73a88a1b6494db109ffea85442574458"},
    {file = "lxml-6.1.3-cp38-cp38-manylinux_2_26_x86_64.manylinux_2_28_x86_64.whl", hash = "sha256:302f72413251c03f671e063c9414bed5dc8c927069e5abb69245521e51a4e81b"},
    {file = "lxml-6.1.3-cp38-cp38-manylinux_2_28_i686.whl", hash = "sha256:ce1f220114959941170e22b8ad44279f6dee2dcef7591814d01ae805dc058889"},
    {file = "lxml-6.1.3-cp38-cp38-musllinux_1_2_x86_64.whl", hash = "sha256:170773d8a3cdc76259065523ddd978c44f9806e28605f08812e8f86783e44ac6"},
    {file = "lxml-6.1.3-cp38-cp38-win32.whl", hash = "sha256:92d96586376fb79a33474797186bf993250152ee5c32650b67db78d54b92e6f3"},
    {file = "lxml-6.1.3-cp38-cp38-win_amd64.whl", hash = "sha256:d44442effeb8781f392340c5dc8c6716fba41dbeacb82fd4c0f09026fb5ff682"},
    {file = "lxml-6.1.3-cp39-cp39-macosx_10_9_universal2.whl", hash = "sha256:869dfcd4d381cb0ea87085cc4f011b9171b494ef21e76ad8665f6d5e2d1dc8a1"},
    {file = "lxml-6.1.3-cp39-cp39-macosx_10_9_x86_64.whl", hash = "sha256:6ba4fe5bfbef6811a8e49b3719cde373ad399006c0c1ac184b7297116ecbba5d"},
    {file = "lxml-6.1.3-cp39-cp39-manylinux2014_aarch64.manylinux_2_17_aarch64.whl", hash = "sha256:61116cec57ed69aebc70f37a545eec095339bb829efbdabcfb97c51e9536e158"},
    {file = "lxml-6.1.3-cp39-cp39-manylinux2014_x86_64.manylinux_2_17_x86_64.whl", hash = "sha256:4e11e885e0704be185867fcf71b904d8f65d7d6877bc121f69870b0d0479ba7b"},
    {file = "lxml-6.1.3-cp39-cp39-manylinux_2_26_aarch64.manylinux_2_28_aarch64.whl", hash = "sha256:41e2d428110b408e963b6fb18f9bbf1f5c027b56bd4b498d54556476c0aeb1c3"},
    {file = "lxml-6.1.3-cp39-cp39-manylinux_2_26_x86_64.manylinux_2_28_x86_64.whl", hash = "sha256:aa9fd1ee2a5dacfc41039ed49ffeeacfa75bafbd255b69f3b578e11897a0e623"},
    {file = "lxml-6.1.3-cp39-cp39-manylinux_2_28_i686.whl", hash = "sha256:7f75b9b9fec2a9c6b18095c81865580e795b1441c429e42d22fcc82a77f40039"},
    {file = "lxml-6.1.3-cp39-cp39-manylinux_2_31_armv7l.whl", hash = "sha256:cc669256d28736f7f3a149df5c380c50ace2692ba3e62203d10656fade4a2145"},
    {file = "lxml-6.1.3-cp39-cp39-manylinux_2_38_riscv64.manylinux_2_39_riscv64.whl", hash = "sha256:d077f21f4b16f0471353883748f126f62038760397c107bb9fad2ca94dc0dfb7"},
    {file = "lxml-6.1.3-cp39-cp39-musllinux_1_2_aarch64.whl", hash = "sha256:d9a0d12846d6ce434fb3857918eef4315ec9b4769deb020c75828798614bfcfd"},
    {file = "lxml-6.1.3-cp39-cp39-musllinux_1_2_armv7l.whl", hash = "sha256:2b9b1325ca1c2a9a2dbb6eb913ae563313f2082ae60b03210f7e83ee80712274"},
    {file = "lxml-6.1.3-cp39-cp39-musllinux_1_2_riscv64.whl", hash = "sha256:a2e3f70673a1d5b82f38255f777d26cd855bf2092b1436c4867464a7892f9238"},
    {file = "lxml-6.1.3-cp39-cp39-musllinux_1_2_x86_64.whl", hash = "sha256:c34ca1dc41bd86d9ff830d5bdf4e4a752bba6c54f7d2707027ce0eabd36084c9"},
    {file = "lxml-6.1.3-cp39-cp39-win32.whl", hash = "sha256:b50343241eb69fd85f7791cf8bcc7b1c4729826b7d59ba2f6b27db29638fa745"},
    {file = "lxml-6.1.3-cp39-cp39-win_amd64.whl", hash = "sha256:0794e04ba343852c6d78e996c58ef4b8e579b4ecc72f8df0d4058bf843b4c96e"},
    {file = "lxml-6.1.3-cp39-cp39-win_arm64.whl", hash = "sha256:0ab2467e405e748d93495fb5568e74044802b8d3ff2b2a1607c3f78c6e982de5"},
    {file = "lxml-6.1.3-pp310-pypy310_pp73-macosx_10_15_x86_64.whl", hash = "sha256:4b061064b4a2fe8598a466d723d43dbcd5a610a5d5cfe02fb6226f5c17349f75"},
    {file = "lxml-6.1.3-pp310-pypy310_pp73-manylinux2014_aarch64.manylinux_2_17_aarch64.whl", hash = "sha256:8499d464de86fab0f102313cce32a9bed9ab1f06ec813cf025cb790964fbb765"},
    {file = "lxml-6.1.3-pp310-pypy310_pp73-manylinux2014_x86_64.manylinux_2_17_x86_64.whl", hash = "sha256:9e67324961ac9bbe616cce5100514d2e34d88665aeb07071e8b16eac55d06d94"},
    {file = "lxml-6.1.3-pp310-pypy310_pp73-manylinux_2_26_aarch64.manylinux_2_28_aarch64.whl", hash = "sha256:5d12669a2c419b0e8dc423d23dea24bb82f6f9cb829f32e04674b0ba40322a7c"},
    {file = "lxml-6.1.3-pp310-pypy310_pp73-manylinux_2_26_x86_64.manylinux_2_28_x86_64.whl", hash = "sha256:97acecb11cbc411473f15b8d780df06d7a9f3a2aad9aca78364f56640c8fb70e"},
    {file = "lxml-6.1.3-pp310-pypy310_pp73-win_amd64.whl", hash = "sha256:f8b9c8ceebae6387d0dc77f7f4dbbfbfc962dba2efbfe6877486075a480726b4"},
    {file = "lxml-6.1.3-pp311-pypy311_pp73-macosx_10_15_x86_64.whl", hash = "sha256:d2765c18ce303149ee804b1f3dad11232726dd0a702d73a15cf19179ac8cc962"},
    {file = "lxml-6.1.3-pp311-pypy311_pp73-manylinux2014_aarch64.manylinux_2_17_aarch64.whl", hash = "sha256:7d5a748d12dd9b535e0a130f60dae9ddf0adafbabe61e7864f55c7436c84547a"},
    {file = "lxml-6.1.3-pp311-pypy311_pp73-manylinux2014_x86_64.manylinux_2_17_x86_64.whl", hash = "sha256:41096ec0740a58dad03d3ae0c7486d306d20becefb13ceb1649835ab3eb64167"},
    {file = "lxml-6.1.3-pp311-pypy311_pp73-manylinux_2_26_aarch64.manylinux_2_28_aarch64.whl", hash = "sha256:415e3a115c0d510e329020012834d1c0aa1c581ee53a218603e38abbc1dea70a"},
    {file = "lxml-6.1.3-pp311-pypy311_pp73-manylinux_2_26_x86_64.manylinux_2_28_x86_64.whl", hash = "sha256:20428910dae17a1a93152a3ff2c0441d2f4932992c0797d65651dd0561f1792f"},
    {file = "lxml-6.1.3-pp311-pypy311_pp73-win_amd64.whl", hash = "sha256:bc8dd3d9c93e70c3df974a201ac2958b6d77b465d813c51d1f15fa8e645763ae"},
    {file = "lxml-6.1.3-pp39-pypy39_pp73-macosx_10_15_x86_64.whl", hash = "sha256:3847e71a78cbbc1aff955dbbbaf2fff12153f611d3162c5beaa3395636cbc2f9"},
    {file = "lxml-6.1.3-pp39-pypy39_pp73-manylinux2014_aarch64.manylinux_2_17_aarch64.whl", hash = "sha256:fe91993149523aa59941b9e3c90e2eb45f57ad014697aef6c8b13339a59c019e"},
    {file = "lxml-6.1.3-pp39-pypy39_pp73-manylinux2014_x86_64.manylinux_2_17_x86_64.whl", hash = "sha256:71532ebf30be0048a45559b4fab15333fbaaf9042f658e878d918ecd0cf09805"},
    {file = "lxml-6.1.3-pp39-pypy39_pp73-manylinux_2_26_aarch64.manylinux_2_28_aarch64.whl", hash = "sha256:c1b50797ac246bb2942a04b6c0f69af0667aba7cf7535f39bbb1b3208fd5d128"},
    {file = "lxml-6.1.3-pp39-pypy39_pp73-manylinux_2_26_x86_64.manylinux_2_28_x86_64.whl", hash = "sha256:7b2bb7d703bed7ac893bf7f40d97b5d9279d35d2ce460624ca28929eab0d5a3d"},
    {file = "lxml-6.1.3-pp39-pypy39_pp73-win_amd64.whl", hash = "sha256:be5346653c0b0e34be96869ff9dbeba23860156f89a2896a64c64fb419260cb6"},
    {file = "lxml-6.1.3.tar.gz", hash = "sha256:45222d94ddd511536f3b2f7d9deae3b2339b4ce0f075f1ca25703b07cad9dd21"},
]

[package.extras]
cssselect = ["cssselect (>=0.7)"]
html-clean = ["lxml_html_clean"]
html5 = ["html5lib"]
htmlsoup = ["BeautifulSoup4"]

[[package]]
name = "pycparser"
version = "2.22"
description = "C parser in Python"
optional = false
python-versions = ">=3.8"
groups = ["main"]
files = [
    {file = "pycparser-2.22-py3-none-any.whl", hash = "sha256:c3702b6d3dd8c7abc1afa565d7e63d53a1d0bd86cdc24edd75470f4de499cfcc"},
    {file = "pycparser-2.22.tar.gz", hash = "sha256:491c8be9c040f5390f5bf44a5b07752bd07f56edf992381b05c701439eec10f6"},
]

[[package]]
name = "pycryptodomex"
version = "3.21.0"
description = "Cryptographic library for Python"
optional = false
python-versions = "!=3.0.*,!=3.1.*,!=3.2.*,!=3.3.*,!=3.4.*,!=3.5.*,>=2.7"
groups = ["main"]
files = [
    {file = "pycryptodomex-3.21.0-cp27-cp27m-macosx_10_9_x86_64.whl", hash = "sha256:dbeb84a399373df84a69e0919c1d733b89e049752426041deeb30d68e9867822"},
    {file = "pycryptodomex-3.21.0-cp27-cp27m-manylinux2010_i686.whl", hash = "sha256:a192fb46c95489beba9c3f002ed7d93979423d1b2a53eab8771dbb1339eb3ddd"},
    {file = "pycryptodomex-3.21.0-cp27-cp27m-manylinux2010_x86_64.whl", hash = "sha256:1233443f19d278c72c4daae749872a4af3787a813e05c3561c73ab0c153c7b0f"},
    {file = "pycryptodomex-3.21.0-cp27-cp27m-manylinux_2_17_aarch64.manylinux2014_aarch64.whl", hash = "sha256:bbb07f88e277162b8bfca7134b34f18b400d84eac7375ce73117f865e3c80d4c"},
    {file = "pycryptodomex-3.21.0-cp27-cp27m-musllinux_1_1_aarch64.whl", hash = "sha256:e859e53d983b7fe18cb8f1b0e29d991a5c93be2c8dd25db7db1fe3bd3617f6f9"},
    {file = "pycryptodomex-3.21.0-cp27-cp27m-win32.whl", hash = "sha256:ef046b2e6c425647971b51424f0f88d8a2e0a2a63d3531817968c42078895c00"},
    {file = "pycryptodomex-3.21.0-cp27-cp27m-win_amd64.whl", hash = "sha256:da76ebf6650323eae7236b54b1b1f0e57c16483be6e3c1ebf901d4ada47563b6"},
    {file = "pycryptodomex-3.21.0-cp27-cp27mu-manylinux2010_i686.whl", hash = "sha256:c07e64867a54f7e93186a55bec08a18b7302e7bee1b02fd84c6089ec215e723a"},
    {file = "pycryptodomex-3.21.0-cp27-cp27mu-manylinux2010_x86_64.whl", hash = "sha256:56435c7124dd0ce0c8bdd99c52e5d183a0ca7fdcd06c5d5509423843f487dd0b"},
    {file = "pycryptodomex-3.21.0-cp27-cp27mu-manylinux_2_17_aarch64.manylinux2014_aarch64.whl", hash = "sha256:65d275e3f866cf6fe891411be9c1454fb58809ccc5de6d3770654c47197acd65"},
    {file = "pycryptodomex-3.21.0-cp27-cp27mu-musllinux_1_1_aarch64.whl", hash = "sha256:5241bdb53bcf32a9568770a6584774b1b8109342bd033398e4ff2da052123832"},
    {file = "pycryptodomex-3.21.0-cp36-abi3-macosx_10_9_universal2.whl", hash = "sha256:34325b84c8b380675fd2320d0649cdcbc9cf1e0d1526edbe8fce43ed858cdc7e"},
    {file = "pycryptodomex-3.21.0-cp36-abi3-macosx_10_9_x86_64.whl", hash = "sha256:103c133d6cd832ae7266feb0a65b69e3a5e4dbbd6f3a3ae3211a557fd653f516"},
    {file = "pycryptodomex-3.21.0-cp36-abi3-manylinux_2_17_aarch64.manylinux2014_aarch64.whl", hash = "sha256:77ac2ea80bcb4b4e1c6a596734c775a1615d23e31794967416afc14852a639d3"},
    {file = "pycryptodomex-3.21.0-cp36-abi3-manylinux_2_17_x86_64.manylinux2014_x86_64.whl", hash = "sha256:9aa0cf13a1a1128b3e964dc667e5fe5c6235f7d7cfb0277213f0e2a783837cc2"},
    {file = "pycryptodomex-3.21.0-cp36-abi3-manylinux_2_5_i686.manylinux1_i686.manylinux_2_17_i686.manylinux2014_i686.whl", hash = "sha256:46eb1f0c8d309da63a2064c28de54e5e614ad17b7e2f88df0faef58ce192fc7b"},
    {file = "pycryptodomex-3.21.0-cp36-abi3-musllinux_1_1_aarch64.whl", hash = "sha256:cc7e111e66c274b0df5f4efa679eb31e23c7545d702333dfd2df10ab02c2a2ce"},
    {file = "pycryptodomex-3.21.0-cp36-abi3-musllinux_1_2_i686.whl", hash = "sha256:770d630a5c46605ec83393feaa73a9635a60e55b112e1fb0c3cea84c2897aa0a"},
    {file = "pycryptodomex-3.21.0-cp36-abi3-musllinux_1_2_x86_64.whl", hash = "sha256:52e23a0a6e61691134aa8c8beba89de420602541afaae70f66e16060fdcd677e"},
    {file = "pycryptodomex-3.21.0-cp36-abi3-win32.whl", hash = "sha256:a3d77919e6ff56d89aada1bd009b727b874d464cb0e2e3f00a49f7d2e709d76e"},
    {file = "pycryptodomex-3.21.0-cp36-abi3-win_amd64.whl", hash = "sha256:b0e9765f93fe4890f39875e6c90c96cb341767833cfa767f41b490b506fa9ec0"},
    {file = "pycryptodomex-3.21.0-pp27-pypy_73-manylinux2010_x86_64.whl", hash = "sha256:feaecdce4e5c0045e7a287de0c4351284391fe170729aa9182f6bd967631b3a8"},
    {file = "pycryptodomex-3.21.0-pp27-pypy_73-win32.whl", hash = "sha256:365aa5a66d52fd1f9e0530ea97f392c48c409c2f01ff8b9a39c73ed6f527d36c"},
    {file = "pycryptodomex-3.21.0-pp310-pypy310_pp73-macosx_10_15_x86_64.whl", hash = "sha256:3efddfc50ac0ca143364042324046800c126a1d63816d532f2e19e6f2d8c0c31"},
    {file = "pycryptodomex-3.21.0-pp310-pypy310_pp73-manylinux_2_17_x86_64.manylinux2014_x86_64.whl", hash = "sha256:0df2608682db8279a9ebbaf05a72f62a321433522ed0e499bc486a6889b96bf3"},
    {file = "pycryptodomex-3.21.0-pp310-pypy310_pp73-manylinux_2_5_i686.manylinux1_i686.manylinux_2_17_i686.manylinux2014_i686.whl", hash = "sha256:5823d03e904ea3e53aebd6799d6b8ec63b7675b5d2f4a4bd5e3adcb512d03b37"},
    {file = "pycryptodomex-3.21.0-pp310-pypy310_pp73-win_amd64.whl", hash = "sha256:27e84eeff24250ffec32722334749ac2a57a5fd60332cd6a0680090e7c42877e"},
    {file = "pycryptodomex-3.21.0-pp39-pypy39_pp73-macosx_10_15_x86_64.whl", hash = "sha256:8ef436cdeea794015263853311f84c1ff0341b98fc7908e8a70595a68cefd971"},
    {file = "pycryptodomex-3.21.0-pp39-pypy39_pp73-manylinux_2_17_x86_64.manylinux2014_x86_64.whl", hash = "sha256:7a1058e6dfe827f4209c5cae466e67610bcd0d66f2f037465daa2a29d92d952b"},
    {file = "pycryptodomex-3.21.0-pp39-pypy39_pp73-manylinux_2_5_i686.manylinux1_i686.manylinux_2_17_i686.manylinux2014_i686.whl", hash = "sha256:9ba09a5b407cbb3bcb325221e346a140605714b5e880741dc9a1e9ecf1688d42"},
    {file = "pycryptodomex-3.21.0-pp39-pypy39_pp73-win_amd64.whl", hash = "sha256:8a9d8342cf22b74a746e3c6c9453cb0cfbb55943410e3a2619bd9164b48dc9d9"},
    {file = "pycryptodomex-3.21.0.tar.gz", hash = "sha256:222d0bd05381dd25c32dd6065c071ebf084212ab79bab4599ba9e6a3e0009e6c"},
]

[[package]]
name = "pykeepass"
version = "4.1.0.post1"
description = "Python library to interact with keepass databases (supports KDBX3 and KDBX4)"
optional = false
python-versions = "*"
groups = ["main"]
files = [
    {file = "pykeepass-4.1.0.post1-py3-none-any.whl", hash = "sha256:e51fb95639ef01fb9bda679b29edabe896bb4def6958acabc4b9bf375d27571d"},
    {file = "pykeepass-4.1.0.post1.tar.gz", hash = "sha256:dfc59734824eb7bb9fb57ddd3cada9fcc4faf74f718d2c3876be2f00ed69980a"},
]

[package.dependencies]
argon2-cffi = ">=18.1.0"
construct = ">=2.10.53"
lxml = "*"
pycryptodomex = ">=3.6.2"

[package.extras]
test = ["pyotp"]

[metadata]
lock-version = "2.1"
python-versions = "^3.12"
content-hash = "9fd074cbc22a7a8af09be27412d0525fc8a66d634f0ae51e8ab65c4f2ee87953"
